// !$*UTF8*$!
{
	archiveVersion = 1;
	classes = {
	};
	objectVersion = 46;
	objects = {

/* Begin PBXBuildFile section */
		B36AA01A1F54F7AF008589DD /* GoogleMobileAds.framework in Frameworks */ = {isa = PBXBuildFile; fileRef = B36AA0191F54F7AF008589DD /* GoogleMobileAds.framework */; };
		B36AA01E1F5508D8008589DD /* InfoViewController.swift in Sources */ = {isa = PBXBuildFile; fileRef = B36AA01D1F5508D8008589DD /* InfoViewController.swift */; };
		B3722AB91F4D2A3900BFBD1C /* AppDelegate.swift in Sources */ = {isa = PBXBuildFile; fileRef = B3722AB81F4D2A3900BFBD1C /* AppDelegate.swift */; };
		B3722AC01F4D2A3900BFBD1C /* Assets.xcassets in Resources */ = {isa = PBXBuildFile; fileRef = B3722ABF1F4D2A3900BFBD1C /* Assets.xcassets */; };
		B3722AEB1F4D2AB000BFBD1C /* Data.swift in Sources */ = {isa = PBXBuildFile; fileRef = B3722AE61F4D2AB000BFBD1C /* Data.swift */; };
		B3722AEC1F4D2AB000BFBD1C /* DiningHallsViewController.swift in Sources */ = {isa = PBXBuildFile; fileRef = B3722AE71F4D2AB000BFBD1C /* DiningHallsViewController.swift */; };
		B3722AED1F4D2AB000BFBD1C /* DaysViewController.swift in Sources */ = {isa = PBXBuildFile; fileRef = B3722AE81F4D2AB000BFBD1C /* DaysViewController.swift */; };
		B3722AEE1F4D2AB000BFBD1C /* MealsViewController.swift in Sources */ = {isa = PBXBuildFile; fileRef = B3722AE91F4D2AB000BFBD1C /* MealsViewController.swift */; };
		B3722AEF1F4D2AB000BFBD1C /* OptionsViewController.swift in Sources */ = {isa = PBXBuildFile; fileRef = B3722AEA1F4D2AB000BFBD1C /* OptionsViewController.swift */; };
		B3722AF11F4D2AE000BFBD1C /* Main.storyboard in Resources */ = {isa = PBXBuildFile; fileRef = B3722AF01F4D2AE000BFBD1C /* Main.storyboard */; };
		B38908391F55F90500308778 /* LaunchScreen.storyboard in Resources */ = {isa = PBXBuildFile; fileRef = B38908371F55F90500308778 /* LaunchScreen.storyboard */; };
		B389083A1F55F90500308778 /* oval1.png in Resources */ = {isa = PBXBuildFile; fileRef = B38908381F55F90500308778 /* oval1.png */; };
/* End PBXBuildFile section */

/* Begin PBXContainerItemProxy section */
		B3722ACA1F4D2A3900BFBD1C /* PBXContainerItemProxy */ = {
			isa = PBXContainerItemProxy;
			containerPortal = B3722AAD1F4D2A3900BFBD1C /* Project object */;
			proxyType = 1;
			remoteGlobalIDString = B3722AB41F4D2A3900BFBD1C;
			remoteInfo = "Dining Paws";
		};
		B3722AD51F4D2A3900BFBD1C /* PBXContainerItemProxy */ = {
			isa = PBXContainerItemProxy;
			containerPortal = B3722AAD1F4D2A3900BFBD1C /* Project object */;
			proxyType = 1;
			remoteGlobalIDString = B3722AB41F4D2A3900BFBD1C;
			remoteInfo = "Dining Paws";
		};
/* End PBXContainerItemProxy section */

/* Begin PBXFileReference section */
		B36AA0191F54F7AF008589DD /* GoogleMobileAds.framework */ = {isa = PBXFileReference; lastKnownFileType = wrapper.framework; path = GoogleMobileAds.framework; sourceTree = "<group>"; };
		B36AA01D1F5508D8008589DD /* InfoViewController.swift */ = {isa = PBXFileReference; fileEncoding = 4; lastKnownFileType = sourcecode.swift; path = InfoViewController.swift; sourceTree = "<group>"; };
		B3722AB51F4D2A3900BFBD1C /* Dining Paws.app */ = {isa = PBXFileReference; explicitFileType = wrapper.application; includeInIndex = 0; name = "Dining Paws.app"; path = "/Users/alexanderkerendian/Documents/Xcode/Projects/sag-paa/build/Debug-iphoneos/Dining Paws.app"; sourceTree = "<absolute>"; };
		B3722AB81F4D2A3900BFBD1C /* AppDelegate.swift */ = {isa = PBXFileReference; lastKnownFileType = sourcecode.swift; path = AppDelegate.swift; sourceTree = "<group>"; };
		B3722ABF1F4D2A3900BFBD1C /* Assets.xcassets */ = {isa = PBXFileReference; lastKnownFileType = folder.assetcatalog; path = Assets.xcassets; sourceTree = "<group>"; };
		B3722AC41F4D2A3900BFBD1C /* Info.plist */ = {isa = PBXFileReference; lastKnownFileType = text.plist.xml; path = Info.plist; sourceTree = "<group>"; };
		B3722AC91F4D2A3900BFBD1C /* Dining PawsTests.xctest */ = {isa = PBXFileReference; explicitFileType = wrapper.cfbundle; includeInIndex = 0; name = "Dining PawsTests.xctest"; path = "/Users/alexanderkerendian/Documents/Xcode/Projects/sag-paa/build/Debug-iphoneos/Dining PawsTests.xctest"; sourceTree = "<absolute>"; };
		B3722AD41F4D2A3900BFBD1C /* Dining PawsUITests.xctest */ = {isa = PBXFileReference; explicitFileType = wrapper.cfbundle; includeInIndex = 0; name = "Dining PawsUITests.xctest"; path = "/Users/alexanderkerendian/Documents/Xcode/Projects/sag-paa/build/Debug-iphoneos/Dining PawsUITests.xctest"; sourceTree = "<absolute>"; };
		B3722AE61F4D2AB000BFBD1C /* Data.swift */ = {isa = PBXFileReference; fileEncoding = 4; lastKnownFileType = sourcecode.swift; path = Data.swift; sourceTree = "<group>"; };
		B3722AE71F4D2AB000BFBD1C /* DiningHallsViewController.swift */ = {isa = PBXFileReference; fileEncoding = 4; lastKnownFileType = sourcecode.swift; path = DiningHallsViewController.swift; sourceTree = "<group>"; };
		B3722AE81F4D2AB000BFBD1C /* DaysViewController.swift */ = {isa = PBXFileReference; fileEncoding = 4; lastKnownFileType = sourcecode.swift; path = DaysViewController.swift; sourceTree = "<group>"; };
		B3722AE91F4D2AB000BFBD1C /* MealsViewController.swift */ = {isa = PBXFileReference; fileEncoding = 4; lastKnownFileType = sourcecode.swift; path = MealsViewController.swift; sourceTree = "<group>"; };
		B3722AEA1F4D2AB000BFBD1C /* OptionsViewController.swift */ = {isa = PBXFileReference; fileEncoding = 4; lastKnownFileType = sourcecode.swift; path = OptionsViewController.swift; sourceTree = "<group>"; };
		B3722AF01F4D2AE000BFBD1C /* Main.storyboard */ = {isa = PBXFileReference; fileEncoding = 4; lastKnownFileType = file.storyboard; path = Main.storyboard; sourceTree = "<group>"; };
		B38908371F55F90500308778 /* LaunchScreen.storyboard */ = {isa = PBXFileReference; fileEncoding = 4; lastKnownFileType = file.storyboard; path = LaunchScreen.storyboard; sourceTree = "<group>"; };
		B38908381F55F90500308778 /* oval1.png */ = {isa = PBXFileReference; lastKnownFileType = image.png; path = oval1.png; sourceTree = "<group>"; };
/* End PBXFileReference section */

/* Begin PBXFrameworksBuildPhase section */
		B3722AB21F4D2A3900BFBD1C /* Frameworks */ = {
			isa = PBXFrameworksBuildPhase;
			buildActionMask = 2147483647;
			files = (
				B36AA01A1F54F7AF008589DD /* GoogleMobileAds.framework in Frameworks */,
			);
			runOnlyForDeploymentPostprocessing = 0;
		};
		B3722AC61F4D2A3900BFBD1C /* Frameworks */ = {
			isa = PBXFrameworksBuildPhase;
			buildActionMask = 2147483647;
			files = (
			);
			runOnlyForDeploymentPostprocessing = 0;
		};
		B3722AD11F4D2A3900BFBD1C /* Frameworks */ = {
			isa = PBXFrameworksBuildPhase;
			buildActionMask = 2147483647;
			files = (
			);
			runOnlyForDeploymentPostprocessing = 0;
		};
/* End PBXFrameworksBuildPhase section */

/* Begin PBXGroup section */
		B3722AAC1F4D2A3900BFBD1C = {
			isa = PBXGroup;
			children = (
				B36AA0191F54F7AF008589DD /* GoogleMobileAds.framework */,
				B3722AB71F4D2A3900BFBD1C /* Dining Paws */,
			);
			sourceTree = "<group>";
		};
		B3722AB71F4D2A3900BFBD1C /* Dining Paws */ = {
			isa = PBXGroup;
			children = (
				B3722AE61F4D2AB000BFBD1C /* Data.swift */,
				B3722AE71F4D2AB000BFBD1C /* DiningHallsViewController.swift */,
				B3722AE81F4D2AB000BFBD1C /* DaysViewController.swift */,
				B3722AE91F4D2AB000BFBD1C /* MealsViewController.swift */,
				B3722AEA1F4D2AB000BFBD1C /* OptionsViewController.swift */,
				B36AA01D1F5508D8008589DD /* InfoViewController.swift */,
				B3722AB81F4D2A3900BFBD1C /* AppDelegate.swift */,
				B3722AF01F4D2AE000BFBD1C /* Main.storyboard */,
				B3722ABF1F4D2A3900BFBD1C /* Assets.xcassets */,
				B38908371F55F90500308778 /* LaunchScreen.storyboard */,
				B38908381F55F90500308778 /* oval1.png */,
				B3722AC41F4D2A3900BFBD1C /* Info.plist */,
			);
			path = "Dining Paws";
			sourceTree = "<group>";
		};
/* End PBXGroup section */

/* Begin PBXNativeTarget section */
		B3722AB41F4D2A3900BFBD1C /* Dining Paws */ = {
			isa = PBXNativeTarget;
			buildConfigurationList = B3722ADD1F4D2A3900BFBD1C /* Build configuration list for PBXNativeTarget "Dining Paws" */;
			buildPhases = (
				B3722AB11F4D2A3900BFBD1C /* Sources */,
				B3722AB21F4D2A3900BFBD1C /* Frameworks */,
				B3722AB31F4D2A3900BFBD1C /* Resources */,
			);
			buildRules = (
			);
			dependencies = (
			);
			name = "Dining Paws";
			productName = "Dining Paws";
			productReference = B3722AB51F4D2A3900BFBD1C /* Dining Paws.app */;
			productType = "com.apple.product-type.application";
		};
		B3722AC81F4D2A3900BFBD1C /* Dining PawsTests */ = {
			isa = PBXNativeTarget;
			buildConfigurationList = B3722AE01F4D2A3900BFBD1C /* Build configuration list for PBXNativeTarget "Dining PawsTests" */;
			buildPhases = (
				B3722AC51F4D2A3900BFBD1C /* Sources */,
				B3722AC61F4D2A3900BFBD1C /* Frameworks */,
				B3722AC71F4D2A3900BFBD1C /* Resources */,
			);
			buildRules = (
			);
			dependencies = (
				B3722ACB1F4D2A3900BFBD1C /* PBXTargetDependency */,
			);
			name = "Dining PawsTests";
			productName = "Dining PawsTests";
			productReference = B3722AC91F4D2A3900BFBD1C /* Dining PawsTests.xctest */;
			productType = "com.apple.product-type.bundle.unit-test";
		};
		B3722AD31F4D2A3900BFBD1C /* Dining PawsUITests */ = {
			isa = PBXNativeTarget;
			buildConfigurationList = B3722AE31F4D2A3900BFBD1C /* Build configuration list for PBXNativeTarget "Dining PawsUITests" */;
			buildPhases = (
				B3722AD01F4D2A3900BFBD1C /* Sources */,
				B3722AD11F4D2A3900BFBD1C /* Frameworks */,
				B3722AD21F4D2A3900BFBD1C /* Resources */,
			);
			buildRules = (
			);
			dependencies = (
				B3722AD61F4D2A3900BFBD1C /* PBXTargetDependency */,
			);
			name = "Dining PawsUITests";
			productName = "Dining PawsUITests";
			productReference = B3722AD41F4D2A3900BFBD1C /* Dining PawsUITests.xctest */;
			productType = "com.apple.product-type.bundle.ui-testing";
		};
/* End PBXNativeTarget section */

/* Begin PBXProject section */
		B3722AAD1F4D2A3900BFBD1C /* Project object */ = {
			isa = PBXProject;
			attributes = {
				LastSwiftUpdateCheck = 0830;
				LastUpgradeCheck = 0830;
				ORGANIZATIONNAME = Aktrapp;
				TargetAttributes = {
					B3722AB41F4D2A3900BFBD1C = {
						CreatedOnToolsVersion = 8.3.3;
						DevelopmentTeam = 6PQJ4KYE37;
						ProvisioningStyle = Automatic;
					};
					B3722AC81F4D2A3900BFBD1C = {
						CreatedOnToolsVersion = 8.3.3;
						DevelopmentTeam = 6PQJ4KYE37;
						ProvisioningStyle = Automatic;
						TestTargetID = B3722AB41F4D2A3900BFBD1C;
					};
					B3722AD31F4D2A3900BFBD1C = {
						CreatedOnToolsVersion = 8.3.3;
						DevelopmentTeam = 6PQJ4KYE37;
						ProvisioningStyle = Automatic;
						TestTargetID = B3722AB41F4D2A3900BFBD1C;
					};
				};
			};
			buildConfigurationList = B3722AB01F4D2A3900BFBD1C /* Build configuration list for PBXProject "Dining Paws" */;
			compatibilityVersion = "Xcode 3.2";
			developmentRegion = English;
			hasScannedForEncodings = 0;
			knownRegions = (
				en,
				Base,
			);
			mainGroup = B3722AAC1F4D2A3900BFBD1C;
			productRefGroup = B3722AAC1F4D2A3900BFBD1C;
			projectDirPath = "";
			projectRoot = "";
			targets = (
				B3722AB41F4D2A3900BFBD1C /* Dining Paws */,
				B3722AC81F4D2A3900BFBD1C /* Dining PawsTests */,
				B3722AD31F4D2A3900BFBD1C /* Dining PawsUITests */,
			);
		};
/* End PBXProject section */

/* Begin PBXResourcesBuildPhase section */
		B3722AB31F4D2A3900BFBD1C /* Resources */ = {
			isa = PBXResourcesBuildPhase;
			buildActionMask = 2147483647;
			files = (
				B38908391F55F90500308778 /* LaunchScreen.storyboard in Resources */,
				B3722AF11F4D2AE000BFBD1C /* Main.storyboard in Resources */,
				B3722AC01F4D2A3900BFBD1C /* Assets.xcassets in Resources */,
				B389083A1F55F90500308778 /* oval1.png in Resources */,
			);
			runOnlyForDeploymentPostprocessing = 0;
		};
		B3722AC71F4D2A3900BFBD1C /* Resources */ = {
			isa = PBXResourcesBuildPhase;
			buildActionMask = 2147483647;
			files = (
			);
			runOnlyForDeploymentPostprocessing = 0;
		};
		B3722AD21F4D2A3900BFBD1C /* Resources */ = {
			isa = PBXResourcesBuildPhase;
			buildActionMask = 2147483647;
			files = (
			);
			runOnlyForDeploymentPostprocessing = 0;
		};
/* End PBXResourcesBuildPhase section */

/* Begin PBXSourcesBuildPhase section */
		B3722AB11F4D2A3900BFBD1C /* Sources */ = {
			isa = PBXSourcesBuildPhase;
			buildActionMask = 2147483647;
			files = (
				B3722AB91F4D2A3900BFBD1C /* AppDelegate.swift in Sources */,
				B3722AEB1F4D2AB000BFBD1C /* Data.swift in Sources */,
				B3722AEE1F4D2AB000BFBD1C /* MealsViewController.swift in Sources */,
				B36AA01E1F5508D8008589DD /* InfoViewController.swift in Sources */,
				B3722AEF1F4D2AB000BFBD1C /* OptionsViewController.swift in Sources */,
				B3722AEC1F4D2AB000BFBD1C /* DiningHallsViewController.swift in Sources */,
				B3722AED1F4D2AB000BFBD1C /* DaysViewController.swift in Sources */,
			);
			runOnlyForDeploymentPostprocessing = 0;
		};
		B3722AC51F4D2A3900BFBD1C /* Sources */ = {
			isa = PBXSourcesBuildPhase;
			buildActionMask = 2147483647;
			files = (
			);
			runOnlyForDeploymentPostprocessing = 0;
		};
		B3722AD01F4D2A3900BFBD1C /* Sources */ = {
			isa = PBXSourcesBuildPhase;
			buildActionMask = 2147483647;
			files = (
			);
			runOnlyForDeploymentPostprocessing = 0;
		};
/* End PBXSourcesBuildPhase section */

/* Begin PBXTargetDependency section */
		B3722ACB1F4D2A3900BFBD1C /* PBXTargetDependency */ = {
			isa = PBXTargetDependency;
			target = B3722AB41F4D2A3900BFBD1C /* Dining Paws */;
			targetProxy = B3722ACA1F4D2A3900BFBD1C /* PBXContainerItemProxy */;
		};
		B3722AD61F4D2A3900BFBD1C /* PBXTargetDependency */ = {
			isa = PBXTargetDependency;
			target = B3722AB41F4D2A3900BFBD1C /* Dining Paws */;
			targetProxy = B3722AD51F4D2A3900BFBD1C /* PBXContainerItemProxy */;
		};
/* End PBXTargetDependency section */

/* Begin XCBuildConfiguration section */
		B3722ADB1F4D2A3900BFBD1C /* Debug */ = {
			isa = XCBuildConfiguration;
			buildSettings = {
				ALWAYS_SEARCH_USER_PATHS = NO;
				CLANG_ANALYZER_NONNULL = YES;
				CLANG_ANALYZER_NUMBER_OBJECT_CONVERSION = YES_AGGRESSIVE;
				CLANG_CXX_LANGUAGE_STANDARD = "gnu++0x";
				CLANG_CXX_LIBRARY = "libc++";
				CLANG_ENABLE_MODULES = YES;
				CLANG_ENABLE_OBJC_ARC = YES;
				CLANG_WARN_BOOL_CONVERSION = YES;
				CLANG_WARN_CONSTANT_CONVERSION = YES;
				CLANG_WARN_DIRECT_OBJC_ISA_USAGE = YES_ERROR;
				CLANG_WARN_DOCUMENTATION_COMMENTS = YES;
				CLANG_WARN_EMPTY_BODY = YES;
				CLANG_WARN_ENUM_CONVERSION = YES;
				CLANG_WARN_INFINITE_RECURSION = YES;
				CLANG_WARN_INT_CONVERSION = YES;
				CLANG_WARN_OBJC_ROOT_CLASS = YES_ERROR;
				CLANG_WARN_SUSPICIOUS_MOVE = YES;
				CLANG_WARN_UNREACHABLE_CODE = YES;
				CLANG_WARN__DUPLICATE_METHOD_MATCH = YES;
				"CODE_SIGN_IDENTITY[sdk=iphoneos*]" = "iPhone Developer";
				COPY_PHASE_STRIP = NO;
				DEBUG_INFORMATION_FORMAT = dwarf;
				ENABLE_STRICT_OBJC_MSGSEND = YES;
				ENABLE_TESTABILITY = YES;
				GCC_C_LANGUAGE_STANDARD = gnu99;
				GCC_DYNAMIC_NO_PIC = NO;
				GCC_NO_COMMON_BLOCKS = YES;
				GCC_OPTIMIZATION_LEVEL = 0;
				GCC_PREPROCESSOR_DEFINITIONS = (
					"DEBUG=1",
					"$(inherited)",
				);
				GCC_WARN_64_TO_32_BIT_CONVERSION = YES;
				GCC_WARN_ABOUT_RETURN_TYPE = YES_ERROR;
				GCC_WARN_UNDECLARED_SELECTOR = YES;
				GCC_WARN_UNINITIALIZED_AUTOS = YES_AGGRESSIVE;
				GCC_WARN_UNUSED_FUNCTION = YES;
				GCC_WARN_UNUSED_VARIABLE = YES;
				IPHONEOS_DEPLOYMENT_TARGET = 10.3;
				MTL_ENABLE_DEBUG_INFO = YES;
				ONLY_ACTIVE_ARCH = YES;
				SDKROOT = iphoneos;
				SWIFT_ACTIVE_COMPILATION_CONDITIONS = DEBUG;
				SWIFT_OPTIMIZATION_LEVEL = "-Onone";
			};
			name = Debug;
		};
		B3722ADC1F4D2A3900BFBD1C /* Release */ = {
			isa = XCBuildConfiguration;
			buildSettings = {
				ALWAYS_SEARCH_USER_PATHS = NO;
				CLANG_ANALYZER_NONNULL = YES;
				CLANG_ANALYZER_NUMBER_OBJECT_CONVERSION = YES_AGGRESSIVE;
				CLANG_CXX_LANGUAGE_STANDARD = "gnu++0x";
				CLANG_CXX_LIBRARY = "libc++";
				CLANG_ENABLE_MODULES = YES;
				CLANG_ENABLE_OBJC_ARC = YES;
				CLANG_WARN_BOOL_CONVERSION = YES;
				CLANG_WARN_CONSTANT_CONVERSION = YES;
				CLANG_WARN_DIRECT_OBJC_ISA_USAGE = YES_ERROR;
				CLANG_WARN_DOCUMENTATION_COMMENTS = YES;
				CLANG_WARN_EMPTY_BODY = YES;
				CLANG_WARN_ENUM_CONVERSION = YES;
				CLANG_WARN_INFINITE_RECURSION = YES;
				CLANG_WARN_INT_CONVERSION = YES;
				CLANG_WARN_OBJC_ROOT_CLASS = YES_ERROR;
				CLANG_WARN_SUSPICIOUS_MOVE = YES;
				CLANG_WARN_UNREACHABLE_CODE = YES;
				CLANG_WARN__DUPLICATE_METHOD_MATCH = YES;
				"CODE_SIGN_IDENTITY[sdk=iphoneos*]" = "iPhone Developer";
				COPY_PHASE_STRIP = NO;
				DEBUG_INFORMATION_FORMAT = "dwarf-with-dsym";
				ENABLE_NS_ASSERTIONS = NO;
				ENABLE_STRICT_OBJC_MSGSEND = YES;
				GCC_C_LANGUAGE_STANDARD = gnu99;
				GCC_NO_COMMON_BLOCKS = YES;
				GCC_WARN_64_TO_32_BIT_CONVERSION = YES;
				GCC_WARN_ABOUT_RETURN_TYPE = YES_ERROR;
				GCC_WARN_UNDECLARED_SELECTOR = YES;
				GCC_WARN_UNINITIALIZED_AUTOS = YES_AGGRESSIVE;
				GCC_WARN_UNUSED_FUNCTION = YES;
				GCC_WARN_UNUSED_VARIABLE = YES;
				IPHONEOS_DEPLOYMENT_TARGET = 10.3;
				MTL_ENABLE_DEBUG_INFO = NO;
				SDKROOT = iphoneos;
				SWIFT_OPTIMIZATION_LEVEL = "-Owholemodule";
				VALIDATE_PRODUCT = YES;
			};
			name = Release;
		};
		B3722ADE1F4D2A3900BFBD1C /* Debug */ = {
			isa = XCBuildConfiguration;
			buildSettings = {
				ASSETCATALOG_COMPILER_APPICON_NAME = AppIcon;
				DEVELOPMENT_TEAM = 6PQJ4KYE37;
				FRAMEWORK_SEARCH_PATHS = (
					"$(inherited)",
					"$(PROJECT_DIR)",
				);
				INFOPLIST_FILE = "Dining Paws/Info.plist";
				LD_RUNPATH_SEARCH_PATHS = "$(inherited) @executable_path/Frameworks";
				PRODUCT_BUNDLE_IDENTIFIER = "com.Aktrapp.Dining-Pawscom.Aktrapp.Dining-Paws";
				PRODUCT_NAME = "$(TARGET_NAME)";
				SWIFT_VERSION = 3.0;
			};
			name = Debug;
		};
		B3722ADF1F4D2A3900BFBD1C /* Release */ = {
			isa = XCBuildConfiguration;
			buildSettings = {
				ASSETCATALOG_COMPILER_APPICON_NAME = AppIcon;
				DEVELOPMENT_TEAM = 6PQJ4KYE37;
				FRAMEWORK_SEARCH_PATHS = (
					"$(inherited)",
					"$(PROJECT_DIR)",
				);
				INFOPLIST_FILE = "Dining Paws/Info.plist";
				LD_RUNPATH_SEARCH_PATHS = "$(inherited) @executable_path/Frameworks";
				PRODUCT_BUNDLE_IDENTIFIER = "com.Aktrapp.Dining-Pawscom.Aktrapp.Dining-Paws";
				PRODUCT_NAME = "$(TARGET_NAME)";
				SWIFT_VERSION = 3.0;
			};
			name = Release;
		};
		B3722AE11F4D2A3900BFBD1C /* Debug */ = {
			isa = XCBuildConfiguration;
			buildSettings = {
				ALWAYS_EMBED_SWIFT_STANDARD_LIBRARIES = YES;
				BUNDLE_LOADER = "$(TEST_HOST)";
				DEVELOPMENT_TEAM = 6PQJ4KYE37;
				INFOPLIST_FILE = "Dining PawsTests/Info.plist";
				LD_RUNPATH_SEARCH_PATHS = "$(inherited) @executable_path/Frameworks @loader_path/Frameworks";
				PRODUCT_BUNDLE_IDENTIFIER = "com.Aktrapp.Dining-PawsTests";
				PRODUCT_NAME = "$(TARGET_NAME)";
				SWIFT_VERSION = 3.0;
				TEST_HOST = "$(BUILT_PRODUCTS_DIR)/Dining Paws.app/Dining Paws";
			};
			name = Debug;
		};
		B3722AE21F4D2A3900BFBD1C /* Release */ = {
			isa = XCBuildConfiguration;
			buildSettings = {
				ALWAYS_EMBED_SWIFT_STANDARD_LIBRARIES = YES;
				BUNDLE_LOADER = "$(TEST_HOST)";
				DEVELOPMENT_TEAM = 6PQJ4KYE37;
				INFOPLIST_FILE = "Dining PawsTests/Info.plist";
				LD_RUNPATH_SEARCH_PATHS = "$(inherited) @executable_path/Frameworks @loader_path/Frameworks";
				PRODUCT_BUNDLE_IDENTIFIER = "com.Aktrapp.Dining-PawsTests";
				PRODUCT_NAME = "$(TARGET_NAME)";
				SWIFT_VERSION = 3.0;
				TEST_HOST = "$(BUILT_PRODUCTS_DIR)/Dining Paws.app/Dining Paws";
			};
			name = Release;
		};
		B3722AE41F4D2A3900BFBD1C /* Debug */ = {
			isa = XCBuildConfiguration;
			buildSettings = {
				ALWAYS_EMBED_SWIFT_STANDARD_LIBRARIES = YES;
				DEVELOPMENT_TEAM = 6PQJ4KYE37;
				INFOPLIST_FILE = "Dining PawsUITests/Info.plist";
				LD_RUNPATH_SEARCH_PATHS = "$(inherited) @executable_path/Frameworks @loader_path/Frameworks";
				PRODUCT_BUNDLE_IDENTIFIER = "com.Aktrapp.Dining-PawsUITests";
				PRODUCT_NAME = "$(TARGET_NAME)";
				SWIFT_VERSION = 3.0;
				TEST_TARGET_NAME = "Dining Paws";
			};
			name = Debug;
		};
		B3722AE51F4D2A3900BFBD1C /* Release */ = {
			isa = XCBuildConfiguration;
			buildSettings = {
				ALWAYS_EMBED_SWIFT_STANDARD_LIBRARIES = YES;
				DEVELOPMENT_TEAM = 6PQJ4KYE37;
				INFOPLIST_FILE = "Dining PawsUITests/Info.plist";
				LD_RUNPATH_SEARCH_PATHS = "$(inherited) @executable_path/Frameworks @loader_path/Frameworks";
				PRODUCT_BUNDLE_IDENTIFIER = "com.Aktrapp.Dining-PawsUITests";
				PRODUCT_NAME = "$(TARGET_NAME)";
				SWIFT_VERSION = 3.0;
				TEST_TARGET_NAME = "Dining Paws";
			};
			name = Release;
		};
/* End XCBuildConfiguration section */

/* Begin XCConfigurationList section */
		B3722AB01F4D2A3900BFBD1C /* Build configuration list for PBXProject "Dining Paws" */ = {
			isa = XCConfigurationList;
			buildConfigurations = (
				B3722ADB1F4D2A3900BFBD1C /* Debug */,
				B3722ADC1F4D2A3900BFBD1C /* Release */,
			);
			defaultConfigurationIsVisible = 0;
			defaultConfigurationName = Release;
		};
		B3722ADD1F4D2A3900BFBD1C /* Build configuration list for PBXNativeTarget "Dining Paws" */ = {
			isa = XCConfigurationList;
			buildConfigurations = (
				B3722ADE1F4D2A3900BFBD1C /* Debug */,
				B3722ADF1F4D2A3900BFBD1C /* Release */,
			);
			defaultConfigurationIsVisible = 0;
			defaultConfigurationName = Release;
		};
		B3722AE01F4D2A3900BFBD1C /* Build configuration list for PBXNativeTarget "Dining PawsTests" */ = {
			isa = XCConfigurationList;
			buildConfigurations = (
				B3722AE11F4D2A3900BFBD1C /* Debug */,
				B3722AE21F4D2A3900BFBD1C /* Release */,
			);
			defaultConfigurationIsVisible = 0;
			defaultConfigurationName = Release;
		};
		B3722AE31F4D2A3900BFBD1C /* Build configuration list for PBXNativeTarget "Dining PawsUITests" */ = {
			isa = XCConfigurationList;
			buildConfigurations = (
				B3722AE41F4D2A3900BFBD1C /* Debug */,
				B3722AE51F4D2A3900BFBD1C /* Release */,
			);
			defaultConfigurationIsVisible = 0;
			defaultConfigurationName = Release;
		};
/* End XCConfigurationList section */
	};
	rootObject = B3722AAD1F4D2A3900BFBD1C /* Project object */;
}
